
Microsoft Visual Studio Solution File, Format Version 12.00
# Visual Studio 15
VisualStudioVersion = 15.0.34112.143
MinimumVisualStudioVersion = 10.0.40219.1
Project("{FAE04EC0-301F-11D3-BF4B-00C04F79EFBC}") = "MokGitest", "MokGitest\MokGitest.csproj", "{382FFC73-5373-40EA-BBBA-2859F8B3DCDA}"
EndProject
Global
	GlobalSection(SolutionConfigurationPlatforms) = preSolution
		Debug|Any CPU = Debug|Any CPU
		Release|Any CPU = Release|Any CPU
	EndGlobalSection
	GlobalSection(ProjectConfigurationPlatforms) = postSolution
		{382FFC73-5373-40EA-BBBA-2859F8B3DCDA}.Debug|Any CPU.ActiveCfg = Debug|Any CPU
		{382FFC73-5373-40EA-BBBA-2859F8B3DCDA}.Debug|Any CPU.Build.0 = Debug|Any CPU
		{382FFC73-5373-40EA-BBBA-2859F8B3DCDA}.Release|Any CPU.ActiveCfg = Release|Any CPU
		{382FFC73-5373-40EA-BBBA-2859F8B3DCDA}.Release|Any CPU.Build.0 = Release|Any CPU
	EndGlobalSection
	GlobalSection(SolutionProperties) = preSolution
		HideSolutionNode = FALSE
	EndGlobalSection
	GlobalSection(ExtensibilityGlobals) = postSolution
		SolutionGuid = {3A60ED2A-1467-48C3-B99B-6BF12F6A8298}
	EndGlobalSection
EndGlobal
